
Microsoft Visual Studio Solution File, Format Version 12.00
# Visual Studio Version 16
VisualStudioVersion = 16.0.32413.511
MinimumVisualStudioVersion = 10.0.40219.1
Project("{9A19103F-16F7-4668-BE54-9A1E7A4F7556}") = "assign3", "assign3\assign3.csproj", "{204B76E6-0094-45DC-95B2-306BA69F7810}"
EndProject
Global
	GlobalSection(SolutionConfigurationPlatforms) = preSolution
		Debug|Any CPU = Debug|Any CPU
		Release|Any CPU = Release|Any CPU
	EndGlobalSection
	GlobalSection(ProjectConfigurationPlatforms) = postSolution
		{204B76E6-0094-45DC-95B2-306BA69F7810}.Debug|Any CPU.ActiveCfg = Debug|Any CPU
		{204B76E6-0094-45DC-95B2-306BA69F7810}.Debug|Any CPU.Build.0 = Debug|Any CPU
		{204B76E6-0094-45DC-95B2-306BA69F7810}.Release|Any CPU.ActiveCfg = Release|Any CPU
		{204B76E6-0094-45DC-95B2-306BA69F7810}.Release|Any CPU.Build.0 = Release|Any CPU
	EndGlobalSection
	GlobalSection(SolutionProperties) = preSolution
		HideSolutionNode = FALSE
	EndGlobalSection
	GlobalSection(ExtensibilityGlobals) = postSolution
		SolutionGuid = {1F947996-9790-4B9A-A95F-BC63AE327B0A}
	EndGlobalSection
EndGlobal
